{
  "originHash" : "8adc5263a8336c7c28ac159b081b2551c6f4895099969064eaf0ad013fe901bf",
  "pins" : [
    {
      "identity" : "polykit-swift",
      "kind" : "remoteSourceControl",
      "location" : "https://github.com/dannystewart/polykit-swift",
      "state" : {
        "branch" : "main",
        "revision" : "0e4e486489241055bd844e11792f84796d813e9c"
      }
    }
  ],
  "version" : 3
}
